{
  "name": "metrics_saver",
  "version": "1.0.0",
  "lockfileVersion": 1,
  "requires": true,
  "dependencies": {
    "moggies-db": {
      "version": "0.1.3",
      "resolved": "https://moggies-io-989665778089.d.codeartifact.eu-west-1.amazonaws.com:443/npm/team-npm/moggies-db/-/moggies-db-0.1.3.tgz",
      "integrity": "sha512-85qVr32tj0mY1NH40U+UhU3V3incMpn7tosw7mfJq3azPGCcI+J65EmSn6N/yFWaJ4cimY0WqxysT4p40o7e5Q=="
    },
    "moggies-metrics": {
      "version": "0.1.2",
      "resolved": "https://moggies-io-989665778089.d.codeartifact.eu-west-1.amazonaws.com:443/npm/team-npm/moggies-metrics/-/moggies-metrics-0.1.2.tgz",
      "integrity": "sha512-hwDChdaehx1cBAP1MNZMy25XGe8nrFfTTUf1agesP1atHiZ19rRW4DrIlfb4U+2QvyXKe0jxEtGIv+Qe7HCY9Q=="
    }
  }
}
