{
  "name": "load-generator-driver",
  "version": "0.1.0",
  "lockfileVersion": 1,
  "requires": true,
  "dependencies": {
    "moggies-auth": {
      "version": "0.1.1",
      "resolved": "https://moggies-io-989665778089.d.codeartifact.eu-west-1.amazonaws.com:443/npm/team-npm/moggies-auth/-/moggies-auth-0.1.1.tgz",
      "integrity": "sha512-zIRs37MGMmDdzBbxW1O5LkFDuOJ6sLWv7e/ZYWCUYsbFIJiODbLd/ZP12Be4csM6vkwh5/ALtI/kK/VnesM5ug=="
    },
    "moggies-db": {
      "version": "0.1.3",
      "resolved": "https://moggies-io-989665778089.d.codeartifact.eu-west-1.amazonaws.com:443/npm/team-npm/moggies-db/-/moggies-db-0.1.3.tgz",
      "integrity": "sha512-85qVr32tj0mY1NH40U+UhU3V3incMpn7tosw7mfJq3azPGCcI+J65EmSn6N/yFWaJ4cimY0WqxysT4p40o7e5Q=="
    },
    "moggies-lambda-helpers": {
      "version": "0.1.0",
      "resolved": "https://moggies-io-989665778089.d.codeartifact.eu-west-1.amazonaws.com:443/npm/team-npm/moggies-lambda-helpers/-/moggies-lambda-helpers-0.1.0.tgz",
      "integrity": "sha512-vZ6h8gPf4k3GbfxCEpQtJeNk2KCOSwapgBXFXib1683bi7SWKog0XBGPP4voc+/Qy2IeAwbt5AXfPJFtShtDcA=="
    }
  }
}
